
Microsoft Visual Studio Solution File, Format Version 12.00
# Visual Studio 15
VisualStudioVersion = 15.0.26228.9
MinimumVisualStudioVersion = 10.0.40219.1
Project("{2150E333-8FDC-42A3-9474-1A3956D46DE8}") = "Solution Items", "Solution Items", "{33A9BB63-283A-4767-9F44-4FF6970950B9}"
	ProjectSection(SolutionItems) = preProject
		msbuild.xml = msbuild.xml
	EndProjectSection
EndProject
Project("{9A19103F-16F7-4668-BE54-9A1E7A4F7556}") = "Worker", "Worker\Worker.csproj", "{1CD1A8D5-8AE1-4E3F-82DC-A89E170C564A}"
EndProject
Project("{9A19103F-16F7-4668-BE54-9A1E7A4F7556}") = "ConsoleHost", "ConsoleHost\ConsoleHost.csproj", "{E3C8248D-F952-4703-87C6-CF1D36B5F633}"
EndProject
Project("{FAE04EC0-301F-11D3-BF4B-00C04F79EFBC}") = "WindowsService", "WindowsService\WindowsService.csproj", "{76A20DD4-D407-42C3-97C4-A3BF5BB1F136}"
	ProjectSection(ProjectDependencies) = postProject
		{1CD1A8D5-8AE1-4E3F-82DC-A89E170C564A} = {1CD1A8D5-8AE1-4E3F-82DC-A89E170C564A}
	EndProjectSection
EndProject
Project("{FAE04EC0-301F-11D3-BF4B-00C04F79EFBC}") = "Worker.Test", "Worker.Test\Worker.Test.csproj", "{8FFC43D3-7F44-4E00-950F-ED956D1C05FD}"
	ProjectSection(ProjectDependencies) = postProject
		{1CD1A8D5-8AE1-4E3F-82DC-A89E170C564A} = {1CD1A8D5-8AE1-4E3F-82DC-A89E170C564A}
	EndProjectSection
EndProject
Global
	GlobalSection(SolutionConfigurationPlatforms) = preSolution
		Debug|Any CPU = Debug|Any CPU
		Debug|x86 = Debug|x86
		Development|Any CPU = Development|Any CPU
		Development|x86 = Development|x86
		Release|Any CPU = Release|Any CPU
		Release|x86 = Release|x86
		Test|Any CPU = Test|Any CPU
		Test|x86 = Test|x86
	EndGlobalSection
	GlobalSection(ProjectConfigurationPlatforms) = postSolution
		{1CD1A8D5-8AE1-4E3F-82DC-A89E170C564A}.Debug|Any CPU.ActiveCfg = Debug|Any CPU
		{1CD1A8D5-8AE1-4E3F-82DC-A89E170C564A}.Debug|Any CPU.Build.0 = Debug|Any CPU
		{1CD1A8D5-8AE1-4E3F-82DC-A89E170C564A}.Debug|x86.ActiveCfg = Debug|Any CPU
		{1CD1A8D5-8AE1-4E3F-82DC-A89E170C564A}.Debug|x86.Build.0 = Debug|Any CPU
		{1CD1A8D5-8AE1-4E3F-82DC-A89E170C564A}.Development|Any CPU.ActiveCfg = Debug|Any CPU
		{1CD1A8D5-8AE1-4E3F-82DC-A89E170C564A}.Development|Any CPU.Build.0 = Debug|Any CPU
		{1CD1A8D5-8AE1-4E3F-82DC-A89E170C564A}.Development|x86.ActiveCfg = Debug|Any CPU
		{1CD1A8D5-8AE1-4E3F-82DC-A89E170C564A}.Development|x86.Build.0 = Debug|Any CPU
		{1CD1A8D5-8AE1-4E3F-82DC-A89E170C564A}.Release|Any CPU.ActiveCfg = Release|Any CPU
		{1CD1A8D5-8AE1-4E3F-82DC-A89E170C564A}.Release|Any CPU.Build.0 = Release|Any CPU
		{1CD1A8D5-8AE1-4E3F-82DC-A89E170C564A}.Release|x86.ActiveCfg = Release|Any CPU
		{1CD1A8D5-8AE1-4E3F-82DC-A89E170C564A}.Release|x86.Build.0 = Release|Any CPU
		{1CD1A8D5-8AE1-4E3F-82DC-A89E170C564A}.Test|Any CPU.ActiveCfg = Release|Any CPU
		{1CD1A8D5-8AE1-4E3F-82DC-A89E170C564A}.Test|Any CPU.Build.0 = Release|Any CPU
		{1CD1A8D5-8AE1-4E3F-82DC-A89E170C564A}.Test|x86.ActiveCfg = Release|Any CPU
		{1CD1A8D5-8AE1-4E3F-82DC-A89E170C564A}.Test|x86.Build.0 = Release|Any CPU
		{E3C8248D-F952-4703-87C6-CF1D36B5F633}.Debug|Any CPU.ActiveCfg = Debug|Any CPU
		{E3C8248D-F952-4703-87C6-CF1D36B5F633}.Debug|Any CPU.Build.0 = Debug|Any CPU
		{E3C8248D-F952-4703-87C6-CF1D36B5F633}.Debug|x86.ActiveCfg = Debug|Any CPU
		{E3C8248D-F952-4703-87C6-CF1D36B5F633}.Debug|x86.Build.0 = Debug|Any CPU
		{E3C8248D-F952-4703-87C6-CF1D36B5F633}.Development|Any CPU.ActiveCfg = Debug|Any CPU
		{E3C8248D-F952-4703-87C6-CF1D36B5F633}.Development|Any CPU.Build.0 = Debug|Any CPU
		{E3C8248D-F952-4703-87C6-CF1D36B5F633}.Development|x86.ActiveCfg = Debug|Any CPU
		{E3C8248D-F952-4703-87C6-CF1D36B5F633}.Development|x86.Build.0 = Debug|Any CPU
		{E3C8248D-F952-4703-87C6-CF1D36B5F633}.Release|Any CPU.ActiveCfg = Release|Any CPU
		{E3C8248D-F952-4703-87C6-CF1D36B5F633}.Release|Any CPU.Build.0 = Release|Any CPU
		{E3C8248D-F952-4703-87C6-CF1D36B5F633}.Release|x86.ActiveCfg = Release|Any CPU
		{E3C8248D-F952-4703-87C6-CF1D36B5F633}.Release|x86.Build.0 = Release|Any CPU
		{E3C8248D-F952-4703-87C6-CF1D36B5F633}.Test|Any CPU.ActiveCfg = Release|Any CPU
		{E3C8248D-F952-4703-87C6-CF1D36B5F633}.Test|Any CPU.Build.0 = Release|Any CPU
		{E3C8248D-F952-4703-87C6-CF1D36B5F633}.Test|x86.ActiveCfg = Release|Any CPU
		{E3C8248D-F952-4703-87C6-CF1D36B5F633}.Test|x86.Build.0 = Release|Any CPU
		{76A20DD4-D407-42C3-97C4-A3BF5BB1F136}.Debug|Any CPU.ActiveCfg = Debug|Any CPU
		{76A20DD4-D407-42C3-97C4-A3BF5BB1F136}.Debug|Any CPU.Build.0 = Debug|Any CPU
		{76A20DD4-D407-42C3-97C4-A3BF5BB1F136}.Debug|x86.ActiveCfg = Debug|Any CPU
		{76A20DD4-D407-42C3-97C4-A3BF5BB1F136}.Debug|x86.Build.0 = Debug|Any CPU
		{76A20DD4-D407-42C3-97C4-A3BF5BB1F136}.Development|Any CPU.ActiveCfg = Development|Any CPU
		{76A20DD4-D407-42C3-97C4-A3BF5BB1F136}.Development|Any CPU.Build.0 = Development|Any CPU
		{76A20DD4-D407-42C3-97C4-A3BF5BB1F136}.Development|x86.ActiveCfg = Development|Any CPU
		{76A20DD4-D407-42C3-97C4-A3BF5BB1F136}.Development|x86.Build.0 = Development|Any CPU
		{76A20DD4-D407-42C3-97C4-A3BF5BB1F136}.Release|Any CPU.ActiveCfg = Release|Any CPU
		{76A20DD4-D407-42C3-97C4-A3BF5BB1F136}.Release|Any CPU.Build.0 = Release|Any CPU
		{76A20DD4-D407-42C3-97C4-A3BF5BB1F136}.Release|x86.ActiveCfg = Release|Any CPU
		{76A20DD4-D407-42C3-97C4-A3BF5BB1F136}.Release|x86.Build.0 = Release|Any CPU
		{76A20DD4-D407-42C3-97C4-A3BF5BB1F136}.Test|Any CPU.ActiveCfg = Test|Any CPU
		{76A20DD4-D407-42C3-97C4-A3BF5BB1F136}.Test|Any CPU.Build.0 = Test|Any CPU
		{76A20DD4-D407-42C3-97C4-A3BF5BB1F136}.Test|x86.ActiveCfg = Test|Any CPU
		{76A20DD4-D407-42C3-97C4-A3BF5BB1F136}.Test|x86.Build.0 = Test|Any CPU
		{8FFC43D3-7F44-4E00-950F-ED956D1C05FD}.Debug|Any CPU.ActiveCfg = Debug|Any CPU
		{8FFC43D3-7F44-4E00-950F-ED956D1C05FD}.Debug|Any CPU.Build.0 = Debug|Any CPU
		{8FFC43D3-7F44-4E00-950F-ED956D1C05FD}.Debug|x86.ActiveCfg = Debug|Any CPU
		{8FFC43D3-7F44-4E00-950F-ED956D1C05FD}.Debug|x86.Build.0 = Debug|Any CPU
		{8FFC43D3-7F44-4E00-950F-ED956D1C05FD}.Development|Any CPU.ActiveCfg = Debug|Any CPU
		{8FFC43D3-7F44-4E00-950F-ED956D1C05FD}.Development|Any CPU.Build.0 = Debug|Any CPU
		{8FFC43D3-7F44-4E00-950F-ED956D1C05FD}.Development|x86.ActiveCfg = Debug|Any CPU
		{8FFC43D3-7F44-4E00-950F-ED956D1C05FD}.Development|x86.Build.0 = Debug|Any CPU
		{8FFC43D3-7F44-4E00-950F-ED956D1C05FD}.Release|Any CPU.ActiveCfg = Release|Any CPU
		{8FFC43D3-7F44-4E00-950F-ED956D1C05FD}.Release|Any CPU.Build.0 = Release|Any CPU
		{8FFC43D3-7F44-4E00-950F-ED956D1C05FD}.Release|x86.ActiveCfg = Release|Any CPU
		{8FFC43D3-7F44-4E00-950F-ED956D1C05FD}.Release|x86.Build.0 = Release|Any CPU
		{8FFC43D3-7F44-4E00-950F-ED956D1C05FD}.Test|Any CPU.ActiveCfg = Test|Any CPU
		{8FFC43D3-7F44-4E00-950F-ED956D1C05FD}.Test|Any CPU.Build.0 = Test|Any CPU
		{8FFC43D3-7F44-4E00-950F-ED956D1C05FD}.Test|x86.ActiveCfg = Test|Any CPU
		{8FFC43D3-7F44-4E00-950F-ED956D1C05FD}.Test|x86.Build.0 = Test|Any CPU
	EndGlobalSection
	GlobalSection(SolutionProperties) = preSolution
		HideSolutionNode = FALSE
	EndGlobalSection
EndGlobal
