
Microsoft Visual Studio Solution File, Format Version 12.00
# Visual Studio 14
VisualStudioVersion = 14.0.25123.0
MinimumVisualStudioVersion = 10.0.40219.1
Project("{FAE04EC0-301F-11D3-BF4B-00C04F79EFBC}") = "API", "ffmpeg-farm-server\API.csproj", "{62230F07-4A89-4344-A3C9-4B2823F60293}"
EndProject
Project("{FAE04EC0-301F-11D3-BF4B-00C04F79EFBC}") = "Contract", "Contract\Contract.csproj", "{C5AB7E69-27B9-4071-A0D1-6A6E22DF7D8C}"
EndProject
Project("{FAE04EC0-301F-11D3-BF4B-00C04F79EFBC}") = "Web", "Web\Web.csproj", "{1F7761C7-474D-4609-8B2A-3DCDB36AC91C}"
EndProject
Global
	GlobalSection(SolutionConfigurationPlatforms) = preSolution
		Debug|Any CPU = Debug|Any CPU
		Release|Any CPU = Release|Any CPU
	EndGlobalSection
	GlobalSection(ProjectConfigurationPlatforms) = postSolution
		{62230F07-4A89-4344-A3C9-4B2823F60293}.Debug|Any CPU.ActiveCfg = Debug|Any CPU
		{62230F07-4A89-4344-A3C9-4B2823F60293}.Debug|Any CPU.Build.0 = Debug|Any CPU
		{62230F07-4A89-4344-A3C9-4B2823F60293}.Release|Any CPU.ActiveCfg = Release|Any CPU
		{62230F07-4A89-4344-A3C9-4B2823F60293}.Release|Any CPU.Build.0 = Release|Any CPU
		{C5AB7E69-27B9-4071-A0D1-6A6E22DF7D8C}.Debug|Any CPU.ActiveCfg = Debug|Any CPU
		{C5AB7E69-27B9-4071-A0D1-6A6E22DF7D8C}.Debug|Any CPU.Build.0 = Debug|Any CPU
		{C5AB7E69-27B9-4071-A0D1-6A6E22DF7D8C}.Release|Any CPU.ActiveCfg = Release|Any CPU
		{C5AB7E69-27B9-4071-A0D1-6A6E22DF7D8C}.Release|Any CPU.Build.0 = Release|Any CPU
		{1F7761C7-474D-4609-8B2A-3DCDB36AC91C}.Debug|Any CPU.ActiveCfg = Debug|Any CPU
		{1F7761C7-474D-4609-8B2A-3DCDB36AC91C}.Debug|Any CPU.Build.0 = Debug|Any CPU
		{1F7761C7-474D-4609-8B2A-3DCDB36AC91C}.Release|Any CPU.ActiveCfg = Release|Any CPU
		{1F7761C7-474D-4609-8B2A-3DCDB36AC91C}.Release|Any CPU.Build.0 = Release|Any CPU
	EndGlobalSection
	GlobalSection(SolutionProperties) = preSolution
		HideSolutionNode = FALSE
	EndGlobalSection
EndGlobal
