
Microsoft Visual Studio Solution File, Format Version 12.00
# Visual Studio 15
VisualStudioVersion = 15.0.26430.16
MinimumVisualStudioVersion = 10.0.40219.1
Project("{FAE04EC0-301F-11D3-BF4B-00C04F79EFBC}") = "API.Contract", "Contract\API.Contract.csproj", "{C5AB7E69-27B9-4071-A0D1-6A6E22DF7D8C}"
EndProject
Project("{FAE04EC0-301F-11D3-BF4B-00C04F79EFBC}") = "API.WindowsService", "API.WindowsService\API.WindowsService.csproj", "{BCD11B1F-0AAA-4133-8EEC-7D00BC423087}"
	ProjectSection(ProjectDependencies) = postProject
		{A1B19C7B-9D5E-4C7B-8FC0-CBCCC86BD83D} = {A1B19C7B-9D5E-4C7B-8FC0-CBCCC86BD83D}
	EndProjectSection
EndProject
Project("{FAE04EC0-301F-11D3-BF4B-00C04F79EFBC}") = "API.Service", "API.Service\API.Service.csproj", "{A015F759-529F-4B76-BD1D-94831FE886DF}"
EndProject
Project("{FAE04EC0-301F-11D3-BF4B-00C04F79EFBC}") = "API.Repository", "API.Repository\API.Repository.csproj", "{A1B19C7B-9D5E-4C7B-8FC0-CBCCC86BD83D}"
EndProject
Project("{FAE04EC0-301F-11D3-BF4B-00C04F79EFBC}") = "API.Repository.Test", "API.Repository.Test\API.Repository.Test.csproj", "{1C87958A-F619-41ED-8A31-82155DEF2C22}"
EndProject
Project("{FAE04EC0-301F-11D3-BF4B-00C04F79EFBC}") = "API.WindowsService.Test", "API.WindowsService.Test\API.WindowsService.Test.csproj", "{5D73F173-ABB4-4753-B916-1D5FE12B403F}"
EndProject
Project("{FAE04EC0-301F-11D3-BF4B-00C04F79EFBC}") = "API.Logging", "API.Logging\API.Logging.csproj", "{0FF44599-01B6-4C4A-805F-850103F21CB4}"
EndProject
Project("{FAE04EC0-301F-11D3-BF4B-00C04F79EFBC}") = "API.StatusPoller", "API.StatusPoller\API.StatusPoller.csproj", "{40D6226C-CBFF-4196-AE9F-65A851299C8B}"
EndProject
Project("{FAE04EC0-301F-11D3-BF4B-00C04F79EFBC}") = "API.IoC", "API.IoC\API.IoC.csproj", "{F389216B-6347-4908-8741-EA6B511A83B3}"
EndProject
Project("{FAE04EC0-301F-11D3-BF4B-00C04F79EFBC}") = "API.Services.FFmpeg", "API.Services.FFmpeg\API.Services.FFmpeg.csproj", "{1794E459-AEA4-4712-83FE-C0B0C3D64733}"
EndProject
Project("{2150E333-8FDC-42A3-9474-1A3956D46DE8}") = "Tests", "Tests", "{614BE47A-EECE-4A69-92B5-0E3CA3025EFC}"
EndProject
Project("{FAE04EC0-301F-11D3-BF4B-00C04F79EFBC}") = "API.Services.FFmpeg.Tests", "API.Services.FFmpeg.Tests\API.Services.FFmpeg.Tests.csproj", "{5AD514C9-8AC0-4EC2-9940-8CE014D54E47}"
EndProject
Global
	GlobalSection(SolutionConfigurationPlatforms) = preSolution
		Debug|Any CPU = Debug|Any CPU
		Debug|x86 = Debug|x86
		Development|Any CPU = Development|Any CPU
		Development|x86 = Development|x86
		Release|Any CPU = Release|Any CPU
		Release|x86 = Release|x86
		Test|Any CPU = Test|Any CPU
		Test|x86 = Test|x86
	EndGlobalSection
	GlobalSection(ProjectConfigurationPlatforms) = postSolution
		{C5AB7E69-27B9-4071-A0D1-6A6E22DF7D8C}.Debug|Any CPU.ActiveCfg = Debug|Any CPU
		{C5AB7E69-27B9-4071-A0D1-6A6E22DF7D8C}.Debug|Any CPU.Build.0 = Debug|Any CPU
		{C5AB7E69-27B9-4071-A0D1-6A6E22DF7D8C}.Debug|x86.ActiveCfg = Debug|x86
		{C5AB7E69-27B9-4071-A0D1-6A6E22DF7D8C}.Debug|x86.Build.0 = Debug|x86
		{C5AB7E69-27B9-4071-A0D1-6A6E22DF7D8C}.Development|Any CPU.ActiveCfg = Development|Any CPU
		{C5AB7E69-27B9-4071-A0D1-6A6E22DF7D8C}.Development|Any CPU.Build.0 = Development|Any CPU
		{C5AB7E69-27B9-4071-A0D1-6A6E22DF7D8C}.Development|x86.ActiveCfg = Development|x86
		{C5AB7E69-27B9-4071-A0D1-6A6E22DF7D8C}.Development|x86.Build.0 = Development|x86
		{C5AB7E69-27B9-4071-A0D1-6A6E22DF7D8C}.Release|Any CPU.ActiveCfg = Release|Any CPU
		{C5AB7E69-27B9-4071-A0D1-6A6E22DF7D8C}.Release|Any CPU.Build.0 = Release|Any CPU
		{C5AB7E69-27B9-4071-A0D1-6A6E22DF7D8C}.Release|x86.ActiveCfg = Release|x86
		{C5AB7E69-27B9-4071-A0D1-6A6E22DF7D8C}.Release|x86.Build.0 = Release|x86
		{C5AB7E69-27B9-4071-A0D1-6A6E22DF7D8C}.Test|Any CPU.ActiveCfg = Test|Any CPU
		{C5AB7E69-27B9-4071-A0D1-6A6E22DF7D8C}.Test|Any CPU.Build.0 = Test|Any CPU
		{C5AB7E69-27B9-4071-A0D1-6A6E22DF7D8C}.Test|x86.ActiveCfg = Test|x86
		{C5AB7E69-27B9-4071-A0D1-6A6E22DF7D8C}.Test|x86.Build.0 = Test|x86
		{BCD11B1F-0AAA-4133-8EEC-7D00BC423087}.Debug|Any CPU.ActiveCfg = Debug|Any CPU
		{BCD11B1F-0AAA-4133-8EEC-7D00BC423087}.Debug|Any CPU.Build.0 = Debug|Any CPU
		{BCD11B1F-0AAA-4133-8EEC-7D00BC423087}.Debug|x86.ActiveCfg = Debug|Any CPU
		{BCD11B1F-0AAA-4133-8EEC-7D00BC423087}.Debug|x86.Build.0 = Debug|Any CPU
		{BCD11B1F-0AAA-4133-8EEC-7D00BC423087}.Development|Any CPU.ActiveCfg = Development|Any CPU
		{BCD11B1F-0AAA-4133-8EEC-7D00BC423087}.Development|Any CPU.Build.0 = Development|Any CPU
		{BCD11B1F-0AAA-4133-8EEC-7D00BC423087}.Development|x86.ActiveCfg = Development|Any CPU
		{BCD11B1F-0AAA-4133-8EEC-7D00BC423087}.Development|x86.Build.0 = Development|Any CPU
		{BCD11B1F-0AAA-4133-8EEC-7D00BC423087}.Release|Any CPU.ActiveCfg = Release|Any CPU
		{BCD11B1F-0AAA-4133-8EEC-7D00BC423087}.Release|Any CPU.Build.0 = Release|Any CPU
		{BCD11B1F-0AAA-4133-8EEC-7D00BC423087}.Release|x86.ActiveCfg = Release|Any CPU
		{BCD11B1F-0AAA-4133-8EEC-7D00BC423087}.Release|x86.Build.0 = Release|Any CPU
		{BCD11B1F-0AAA-4133-8EEC-7D00BC423087}.Test|Any CPU.ActiveCfg = Test|Any CPU
		{BCD11B1F-0AAA-4133-8EEC-7D00BC423087}.Test|Any CPU.Build.0 = Test|Any CPU
		{BCD11B1F-0AAA-4133-8EEC-7D00BC423087}.Test|x86.ActiveCfg = Test|Any CPU
		{BCD11B1F-0AAA-4133-8EEC-7D00BC423087}.Test|x86.Build.0 = Test|Any CPU
		{A015F759-529F-4B76-BD1D-94831FE886DF}.Debug|Any CPU.ActiveCfg = Debug|Any CPU
		{A015F759-529F-4B76-BD1D-94831FE886DF}.Debug|Any CPU.Build.0 = Debug|Any CPU
		{A015F759-529F-4B76-BD1D-94831FE886DF}.Debug|x86.ActiveCfg = Debug|Any CPU
		{A015F759-529F-4B76-BD1D-94831FE886DF}.Debug|x86.Build.0 = Debug|Any CPU
		{A015F759-529F-4B76-BD1D-94831FE886DF}.Development|Any CPU.ActiveCfg = Development|Any CPU
		{A015F759-529F-4B76-BD1D-94831FE886DF}.Development|Any CPU.Build.0 = Development|Any CPU
		{A015F759-529F-4B76-BD1D-94831FE886DF}.Development|x86.ActiveCfg = Development|Any CPU
		{A015F759-529F-4B76-BD1D-94831FE886DF}.Development|x86.Build.0 = Development|Any CPU
		{A015F759-529F-4B76-BD1D-94831FE886DF}.Release|Any CPU.ActiveCfg = Release|Any CPU
		{A015F759-529F-4B76-BD1D-94831FE886DF}.Release|Any CPU.Build.0 = Release|Any CPU
		{A015F759-529F-4B76-BD1D-94831FE886DF}.Release|x86.ActiveCfg = Release|Any CPU
		{A015F759-529F-4B76-BD1D-94831FE886DF}.Release|x86.Build.0 = Release|Any CPU
		{A015F759-529F-4B76-BD1D-94831FE886DF}.Test|Any CPU.ActiveCfg = Test|Any CPU
		{A015F759-529F-4B76-BD1D-94831FE886DF}.Test|Any CPU.Build.0 = Test|Any CPU
		{A015F759-529F-4B76-BD1D-94831FE886DF}.Test|x86.ActiveCfg = Test|Any CPU
		{A015F759-529F-4B76-BD1D-94831FE886DF}.Test|x86.Build.0 = Test|Any CPU
		{A1B19C7B-9D5E-4C7B-8FC0-CBCCC86BD83D}.Debug|Any CPU.ActiveCfg = Debug|Any CPU
		{A1B19C7B-9D5E-4C7B-8FC0-CBCCC86BD83D}.Debug|Any CPU.Build.0 = Debug|Any CPU
		{A1B19C7B-9D5E-4C7B-8FC0-CBCCC86BD83D}.Debug|x86.ActiveCfg = Debug|Any CPU
		{A1B19C7B-9D5E-4C7B-8FC0-CBCCC86BD83D}.Debug|x86.Build.0 = Debug|Any CPU
		{A1B19C7B-9D5E-4C7B-8FC0-CBCCC86BD83D}.Development|Any CPU.ActiveCfg = Development|Any CPU
		{A1B19C7B-9D5E-4C7B-8FC0-CBCCC86BD83D}.Development|Any CPU.Build.0 = Development|Any CPU
		{A1B19C7B-9D5E-4C7B-8FC0-CBCCC86BD83D}.Development|x86.ActiveCfg = Development|Any CPU
		{A1B19C7B-9D5E-4C7B-8FC0-CBCCC86BD83D}.Development|x86.Build.0 = Development|Any CPU
		{A1B19C7B-9D5E-4C7B-8FC0-CBCCC86BD83D}.Release|Any CPU.ActiveCfg = Release|Any CPU
		{A1B19C7B-9D5E-4C7B-8FC0-CBCCC86BD83D}.Release|Any CPU.Build.0 = Release|Any CPU
		{A1B19C7B-9D5E-4C7B-8FC0-CBCCC86BD83D}.Release|x86.ActiveCfg = Release|Any CPU
		{A1B19C7B-9D5E-4C7B-8FC0-CBCCC86BD83D}.Release|x86.Build.0 = Release|Any CPU
		{A1B19C7B-9D5E-4C7B-8FC0-CBCCC86BD83D}.Test|Any CPU.ActiveCfg = Test|Any CPU
		{A1B19C7B-9D5E-4C7B-8FC0-CBCCC86BD83D}.Test|Any CPU.Build.0 = Test|Any CPU
		{A1B19C7B-9D5E-4C7B-8FC0-CBCCC86BD83D}.Test|x86.ActiveCfg = Test|Any CPU
		{A1B19C7B-9D5E-4C7B-8FC0-CBCCC86BD83D}.Test|x86.Build.0 = Test|Any CPU
		{1C87958A-F619-41ED-8A31-82155DEF2C22}.Debug|Any CPU.ActiveCfg = Debug|Any CPU
		{1C87958A-F619-41ED-8A31-82155DEF2C22}.Debug|Any CPU.Build.0 = Debug|Any CPU
		{1C87958A-F619-41ED-8A31-82155DEF2C22}.Debug|x86.ActiveCfg = Debug|Any CPU
		{1C87958A-F619-41ED-8A31-82155DEF2C22}.Debug|x86.Build.0 = Debug|Any CPU
		{1C87958A-F619-41ED-8A31-82155DEF2C22}.Development|Any CPU.ActiveCfg = Debug|Any CPU
		{1C87958A-F619-41ED-8A31-82155DEF2C22}.Development|Any CPU.Build.0 = Debug|Any CPU
		{1C87958A-F619-41ED-8A31-82155DEF2C22}.Development|x86.ActiveCfg = Debug|Any CPU
		{1C87958A-F619-41ED-8A31-82155DEF2C22}.Development|x86.Build.0 = Debug|Any CPU
		{1C87958A-F619-41ED-8A31-82155DEF2C22}.Release|Any CPU.ActiveCfg = Release|Any CPU
		{1C87958A-F619-41ED-8A31-82155DEF2C22}.Release|Any CPU.Build.0 = Release|Any CPU
		{1C87958A-F619-41ED-8A31-82155DEF2C22}.Release|x86.ActiveCfg = Release|Any CPU
		{1C87958A-F619-41ED-8A31-82155DEF2C22}.Release|x86.Build.0 = Release|Any CPU
		{1C87958A-F619-41ED-8A31-82155DEF2C22}.Test|Any CPU.ActiveCfg = Test|Any CPU
		{1C87958A-F619-41ED-8A31-82155DEF2C22}.Test|Any CPU.Build.0 = Test|Any CPU
		{1C87958A-F619-41ED-8A31-82155DEF2C22}.Test|x86.ActiveCfg = Test|Any CPU
		{1C87958A-F619-41ED-8A31-82155DEF2C22}.Test|x86.Build.0 = Test|Any CPU
		{5D73F173-ABB4-4753-B916-1D5FE12B403F}.Debug|Any CPU.ActiveCfg = Debug|Any CPU
		{5D73F173-ABB4-4753-B916-1D5FE12B403F}.Debug|Any CPU.Build.0 = Debug|Any CPU
		{5D73F173-ABB4-4753-B916-1D5FE12B403F}.Debug|x86.ActiveCfg = Debug|Any CPU
		{5D73F173-ABB4-4753-B916-1D5FE12B403F}.Debug|x86.Build.0 = Debug|Any CPU
		{5D73F173-ABB4-4753-B916-1D5FE12B403F}.Development|Any CPU.ActiveCfg = Debug|Any CPU
		{5D73F173-ABB4-4753-B916-1D5FE12B403F}.Development|Any CPU.Build.0 = Debug|Any CPU
		{5D73F173-ABB4-4753-B916-1D5FE12B403F}.Development|x86.ActiveCfg = Debug|Any CPU
		{5D73F173-ABB4-4753-B916-1D5FE12B403F}.Development|x86.Build.0 = Debug|Any CPU
		{5D73F173-ABB4-4753-B916-1D5FE12B403F}.Release|Any CPU.ActiveCfg = Release|Any CPU
		{5D73F173-ABB4-4753-B916-1D5FE12B403F}.Release|Any CPU.Build.0 = Release|Any CPU
		{5D73F173-ABB4-4753-B916-1D5FE12B403F}.Release|x86.ActiveCfg = Release|Any CPU
		{5D73F173-ABB4-4753-B916-1D5FE12B403F}.Release|x86.Build.0 = Release|Any CPU
		{5D73F173-ABB4-4753-B916-1D5FE12B403F}.Test|Any CPU.ActiveCfg = Test|Any CPU
		{5D73F173-ABB4-4753-B916-1D5FE12B403F}.Test|Any CPU.Build.0 = Test|Any CPU
		{5D73F173-ABB4-4753-B916-1D5FE12B403F}.Test|x86.ActiveCfg = Test|Any CPU
		{5D73F173-ABB4-4753-B916-1D5FE12B403F}.Test|x86.Build.0 = Test|Any CPU
		{0FF44599-01B6-4C4A-805F-850103F21CB4}.Debug|Any CPU.ActiveCfg = Debug|Any CPU
		{0FF44599-01B6-4C4A-805F-850103F21CB4}.Debug|Any CPU.Build.0 = Debug|Any CPU
		{0FF44599-01B6-4C4A-805F-850103F21CB4}.Debug|x86.ActiveCfg = Debug|Any CPU
		{0FF44599-01B6-4C4A-805F-850103F21CB4}.Debug|x86.Build.0 = Debug|Any CPU
		{0FF44599-01B6-4C4A-805F-850103F21CB4}.Development|Any CPU.ActiveCfg = Debug|Any CPU
		{0FF44599-01B6-4C4A-805F-850103F21CB4}.Development|Any CPU.Build.0 = Debug|Any CPU
		{0FF44599-01B6-4C4A-805F-850103F21CB4}.Development|x86.ActiveCfg = Debug|Any CPU
		{0FF44599-01B6-4C4A-805F-850103F21CB4}.Development|x86.Build.0 = Debug|Any CPU
		{0FF44599-01B6-4C4A-805F-850103F21CB4}.Release|Any CPU.ActiveCfg = Release|Any CPU
		{0FF44599-01B6-4C4A-805F-850103F21CB4}.Release|Any CPU.Build.0 = Release|Any CPU
		{0FF44599-01B6-4C4A-805F-850103F21CB4}.Release|x86.ActiveCfg = Release|Any CPU
		{0FF44599-01B6-4C4A-805F-850103F21CB4}.Release|x86.Build.0 = Release|Any CPU
		{0FF44599-01B6-4C4A-805F-850103F21CB4}.Test|Any CPU.ActiveCfg = Release|Any CPU
		{0FF44599-01B6-4C4A-805F-850103F21CB4}.Test|Any CPU.Build.0 = Release|Any CPU
		{0FF44599-01B6-4C4A-805F-850103F21CB4}.Test|x86.ActiveCfg = Release|Any CPU
		{0FF44599-01B6-4C4A-805F-850103F21CB4}.Test|x86.Build.0 = Release|Any CPU
		{40D6226C-CBFF-4196-AE9F-65A851299C8B}.Debug|Any CPU.ActiveCfg = Debug|Any CPU
		{40D6226C-CBFF-4196-AE9F-65A851299C8B}.Debug|Any CPU.Build.0 = Debug|Any CPU
		{40D6226C-CBFF-4196-AE9F-65A851299C8B}.Debug|x86.ActiveCfg = Debug|Any CPU
		{40D6226C-CBFF-4196-AE9F-65A851299C8B}.Debug|x86.Build.0 = Debug|Any CPU
		{40D6226C-CBFF-4196-AE9F-65A851299C8B}.Development|Any CPU.ActiveCfg = Debug|Any CPU
		{40D6226C-CBFF-4196-AE9F-65A851299C8B}.Development|Any CPU.Build.0 = Debug|Any CPU
		{40D6226C-CBFF-4196-AE9F-65A851299C8B}.Development|x86.ActiveCfg = Debug|Any CPU
		{40D6226C-CBFF-4196-AE9F-65A851299C8B}.Development|x86.Build.0 = Debug|Any CPU
		{40D6226C-CBFF-4196-AE9F-65A851299C8B}.Release|Any CPU.ActiveCfg = Release|Any CPU
		{40D6226C-CBFF-4196-AE9F-65A851299C8B}.Release|Any CPU.Build.0 = Release|Any CPU
		{40D6226C-CBFF-4196-AE9F-65A851299C8B}.Release|x86.ActiveCfg = Release|Any CPU
		{40D6226C-CBFF-4196-AE9F-65A851299C8B}.Release|x86.Build.0 = Release|Any CPU
		{40D6226C-CBFF-4196-AE9F-65A851299C8B}.Test|Any CPU.ActiveCfg = Release|Any CPU
		{40D6226C-CBFF-4196-AE9F-65A851299C8B}.Test|Any CPU.Build.0 = Release|Any CPU
		{40D6226C-CBFF-4196-AE9F-65A851299C8B}.Test|x86.ActiveCfg = Release|Any CPU
		{40D6226C-CBFF-4196-AE9F-65A851299C8B}.Test|x86.Build.0 = Release|Any CPU
		{F389216B-6347-4908-8741-EA6B511A83B3}.Debug|Any CPU.ActiveCfg = Debug|Any CPU
		{F389216B-6347-4908-8741-EA6B511A83B3}.Debug|Any CPU.Build.0 = Debug|Any CPU
		{F389216B-6347-4908-8741-EA6B511A83B3}.Debug|x86.ActiveCfg = Debug|Any CPU
		{F389216B-6347-4908-8741-EA6B511A83B3}.Debug|x86.Build.0 = Debug|Any CPU
		{F389216B-6347-4908-8741-EA6B511A83B3}.Development|Any CPU.ActiveCfg = Debug|Any CPU
		{F389216B-6347-4908-8741-EA6B511A83B3}.Development|Any CPU.Build.0 = Debug|Any CPU
		{F389216B-6347-4908-8741-EA6B511A83B3}.Development|x86.ActiveCfg = Debug|Any CPU
		{F389216B-6347-4908-8741-EA6B511A83B3}.Development|x86.Build.0 = Debug|Any CPU
		{F389216B-6347-4908-8741-EA6B511A83B3}.Release|Any CPU.ActiveCfg = Release|Any CPU
		{F389216B-6347-4908-8741-EA6B511A83B3}.Release|Any CPU.Build.0 = Release|Any CPU
		{F389216B-6347-4908-8741-EA6B511A83B3}.Release|x86.ActiveCfg = Release|Any CPU
		{F389216B-6347-4908-8741-EA6B511A83B3}.Release|x86.Build.0 = Release|Any CPU
		{F389216B-6347-4908-8741-EA6B511A83B3}.Test|Any CPU.ActiveCfg = Release|Any CPU
		{F389216B-6347-4908-8741-EA6B511A83B3}.Test|Any CPU.Build.0 = Release|Any CPU
		{F389216B-6347-4908-8741-EA6B511A83B3}.Test|x86.ActiveCfg = Release|Any CPU
		{F389216B-6347-4908-8741-EA6B511A83B3}.Test|x86.Build.0 = Release|Any CPU
		{1794E459-AEA4-4712-83FE-C0B0C3D64733}.Debug|Any CPU.ActiveCfg = Debug|Any CPU
		{1794E459-AEA4-4712-83FE-C0B0C3D64733}.Debug|Any CPU.Build.0 = Debug|Any CPU
		{1794E459-AEA4-4712-83FE-C0B0C3D64733}.Debug|x86.ActiveCfg = Debug|Any CPU
		{1794E459-AEA4-4712-83FE-C0B0C3D64733}.Debug|x86.Build.0 = Debug|Any CPU
		{1794E459-AEA4-4712-83FE-C0B0C3D64733}.Development|Any CPU.ActiveCfg = Debug|Any CPU
		{1794E459-AEA4-4712-83FE-C0B0C3D64733}.Development|Any CPU.Build.0 = Debug|Any CPU
		{1794E459-AEA4-4712-83FE-C0B0C3D64733}.Development|x86.ActiveCfg = Debug|Any CPU
		{1794E459-AEA4-4712-83FE-C0B0C3D64733}.Development|x86.Build.0 = Debug|Any CPU
		{1794E459-AEA4-4712-83FE-C0B0C3D64733}.Release|Any CPU.ActiveCfg = Release|Any CPU
		{1794E459-AEA4-4712-83FE-C0B0C3D64733}.Release|Any CPU.Build.0 = Release|Any CPU
		{1794E459-AEA4-4712-83FE-C0B0C3D64733}.Release|x86.ActiveCfg = Release|Any CPU
		{1794E459-AEA4-4712-83FE-C0B0C3D64733}.Release|x86.Build.0 = Release|Any CPU
		{1794E459-AEA4-4712-83FE-C0B0C3D64733}.Test|Any CPU.ActiveCfg = Release|Any CPU
		{1794E459-AEA4-4712-83FE-C0B0C3D64733}.Test|Any CPU.Build.0 = Release|Any CPU
		{1794E459-AEA4-4712-83FE-C0B0C3D64733}.Test|x86.ActiveCfg = Release|Any CPU
		{1794E459-AEA4-4712-83FE-C0B0C3D64733}.Test|x86.Build.0 = Release|Any CPU
		{5AD514C9-8AC0-4EC2-9940-8CE014D54E47}.Debug|Any CPU.ActiveCfg = Debug|Any CPU
		{5AD514C9-8AC0-4EC2-9940-8CE014D54E47}.Debug|Any CPU.Build.0 = Debug|Any CPU
		{5AD514C9-8AC0-4EC2-9940-8CE014D54E47}.Debug|x86.ActiveCfg = Debug|Any CPU
		{5AD514C9-8AC0-4EC2-9940-8CE014D54E47}.Debug|x86.Build.0 = Debug|Any CPU
		{5AD514C9-8AC0-4EC2-9940-8CE014D54E47}.Development|Any CPU.ActiveCfg = Debug|Any CPU
		{5AD514C9-8AC0-4EC2-9940-8CE014D54E47}.Development|Any CPU.Build.0 = Debug|Any CPU
		{5AD514C9-8AC0-4EC2-9940-8CE014D54E47}.Development|x86.ActiveCfg = Debug|Any CPU
		{5AD514C9-8AC0-4EC2-9940-8CE014D54E47}.Development|x86.Build.0 = Debug|Any CPU
		{5AD514C9-8AC0-4EC2-9940-8CE014D54E47}.Release|Any CPU.ActiveCfg = Release|Any CPU
		{5AD514C9-8AC0-4EC2-9940-8CE014D54E47}.Release|Any CPU.Build.0 = Release|Any CPU
		{5AD514C9-8AC0-4EC2-9940-8CE014D54E47}.Release|x86.ActiveCfg = Release|Any CPU
		{5AD514C9-8AC0-4EC2-9940-8CE014D54E47}.Release|x86.Build.0 = Release|Any CPU
		{5AD514C9-8AC0-4EC2-9940-8CE014D54E47}.Test|Any CPU.ActiveCfg = Release|Any CPU
		{5AD514C9-8AC0-4EC2-9940-8CE014D54E47}.Test|Any CPU.Build.0 = Release|Any CPU
		{5AD514C9-8AC0-4EC2-9940-8CE014D54E47}.Test|x86.ActiveCfg = Release|Any CPU
		{5AD514C9-8AC0-4EC2-9940-8CE014D54E47}.Test|x86.Build.0 = Release|Any CPU
	EndGlobalSection
	GlobalSection(SolutionProperties) = preSolution
		HideSolutionNode = FALSE
	EndGlobalSection
	GlobalSection(NestedProjects) = preSolution
		{1C87958A-F619-41ED-8A31-82155DEF2C22} = {614BE47A-EECE-4A69-92B5-0E3CA3025EFC}
		{5D73F173-ABB4-4753-B916-1D5FE12B403F} = {614BE47A-EECE-4A69-92B5-0E3CA3025EFC}
		{5AD514C9-8AC0-4EC2-9940-8CE014D54E47} = {614BE47A-EECE-4A69-92B5-0E3CA3025EFC}
	EndGlobalSection
EndGlobal
